
Microsoft Visual Studio Solution File, Format Version 12.00
Project("{FAE04EC0-301F-11D3-BF4B-00C04F79EFBC}") = "DynamicTypeBuilder", "DynamicTypeBuilder\DynamicTypeBuilder.csproj", "{4C99FC36-454B-461B-ADDB-1D7DC767C37A}"
EndProject
Global
	GlobalSection(SolutionConfigurationPlatforms) = preSolution
		Debug|Any CPU = Debug|Any CPU
		Release|Any CPU = Release|Any CPU
	EndGlobalSection
	GlobalSection(ProjectConfigurationPlatforms) = postSolution
		{4C99FC36-454B-461B-ADDB-1D7DC767C37A}.Debug|Any CPU.ActiveCfg = Debug|Any CPU
		{4C99FC36-454B-461B-ADDB-1D7DC767C37A}.Debug|Any CPU.Build.0 = Debug|Any CPU
		{4C99FC36-454B-461B-ADDB-1D7DC767C37A}.Release|Any CPU.ActiveCfg = Release|Any CPU
		{4C99FC36-454B-461B-ADDB-1D7DC767C37A}.Release|Any CPU.Build.0 = Release|Any CPU
	EndGlobalSection
EndGlobal
